{
  "name": "homebridge-haier-ac",
  "version": "0.1.8",
  "lockfileVersion": 1,
  "requires": true,
  "dependencies": {
    "@types/debug": {
      "version": "4.1.5",
      "resolved": "https://registry.npmjs.org/@types/debug/-/debug-4.1.5.tgz",
      "integrity": "sha512-Q1y515GcOdTHgagaVFhHnIFQ38ygs/kmxdNpvpou+raI9UO3YZcHDngBSYKQklcKlvA7iuQlmIKbzvmxcOE9CQ=="
    },
    "binary-parser": {
      "version": "1.5.0",
      "resolved": "https://registry.npmjs.org/binary-parser/-/binary-parser-1.5.0.tgz",
      "integrity": "sha512-z+hqNSnO7trFDPLihjUGTwlSTbcIzLYSCwnbiasFkRvCIY9F3ZTex7Mlm9UAP3w5mfHD3KxejnWFPJjtsVVMuw=="
    },
    "debug": {
      "version": "4.1.1",
      "resolved": "https://registry.npmjs.org/debug/-/debug-4.1.1.tgz",
      "integrity": "sha512-pYAIzeRo8J6KPEaJ0VWOh5Pzkbw/RetuzehGM7QRRX5he4fPHx2rdKMB256ehJCkX+XRQm16eZLqLNS8RSZXZw==",
      "requires": {
        "ms": "^2.1.1"
      }
    },
    "haier-ac-remote": {
      "version": "0.1.1",
      "resolved": "https://registry.npmjs.org/haier-ac-remote/-/haier-ac-remote-0.1.1.tgz",
      "integrity": "sha512-oNOkCCT+l8+QFy/xdb/zIsK4sdo+F1EX2+PtfOVgfPV+i5oiPCMG6PInkqFG7Qw/ID9OOVaaneb2dY+TSN024A==",
      "requires": {
        "@types/debug": "^4.1.5",
        "binary-parser": "^1.5.0",
        "debug": "^4.1.1",
        "hexy": "^0.3.0",
        "lodash": "^4.17.15",
        "rxjs": "^6.5.4"
      }
    },
    "hexy": {
      "version": "0.3.0",
      "resolved": "https://registry.npmjs.org/hexy/-/hexy-0.3.0.tgz",
      "integrity": "sha512-+pMQUQCkl1DQ/Im/Y3wixzIr2j8+o8gRIcB3Dw5n5kcbPwPGEEde9hfX3HzRzR00pS/8NmSohSvYnhBs0jA4hw=="
    },
    "lodash": {
      "version": "4.17.15",
      "resolved": "https://registry.npmjs.org/lodash/-/lodash-4.17.15.tgz",
      "integrity": "sha512-8xOcRHvCjnocdS5cpwXQXVzmmh5e5+saE2QGoeQmbKmRS6J3VQppPOIt0MnmE+4xlZoumy0GPG0D0MVIQbNA1A=="
    },
    "ms": {
      "version": "2.1.2",
      "resolved": "https://registry.npmjs.org/ms/-/ms-2.1.2.tgz",
      "integrity": "sha512-sGkPx+VjMtmA6MX27oA4FBFELFCZZ4S4XqeGOXCv68tT+jb3vk/RyaKWP0PTKyWtmLSM0b+adUTEvbs1PEaH2w=="
    },
    "rxjs": {
      "version": "6.5.5",
      "resolved": "https://registry.npmjs.org/rxjs/-/rxjs-6.5.5.tgz",
      "integrity": "sha512-WfQI+1gohdf0Dai/Bbmk5L5ItH5tYqm3ki2c5GdWhKjalzjg93N3avFjVStyZZz+A2Em+ZxKH5bNghw9UeylGQ==",
      "requires": {
        "tslib": "^1.9.0"
      }
    },
    "tslib": {
      "version": "1.11.1",
      "resolved": "https://registry.npmjs.org/tslib/-/tslib-1.11.1.tgz",
      "integrity": "sha512-aZW88SY8kQbU7gpV19lN24LtXh/yD4ZZg6qieAJDDg+YBsJcSmLGK9QpnUjAKVG/xefmvJGd1WUmfpT/g6AJGA=="
    }
  }
}
